
Microsoft Visual Studio Solution File, Format Version 12.00
# Visual Studio Version 16
VisualStudioVersion = 16.0.32413.511
MinimumVisualStudioVersion = 10.0.40219.1
Project("{FAE04EC0-301F-11D3-BF4B-00C04F79EFBC}") = "Garrett_Jacob_M_1311_Motorcycle", "Garrett_Jacob_M_1311_Motorcycle\Garrett_Jacob_M_1311_Motorcycle.csproj", "{686107FE-F45A-483F-AE90-2BE3BDAE7AB4}"
EndProject
Global
	GlobalSection(SolutionConfigurationPlatforms) = preSolution
		Debug|Any CPU = Debug|Any CPU
		Release|Any CPU = Release|Any CPU
	EndGlobalSection
	GlobalSection(ProjectConfigurationPlatforms) = postSolution
		{686107FE-F45A-483F-AE90-2BE3BDAE7AB4}.Debug|Any CPU.ActiveCfg = Debug|Any CPU
		{686107FE-F45A-483F-AE90-2BE3BDAE7AB4}.Debug|Any CPU.Build.0 = Debug|Any CPU
		{686107FE-F45A-483F-AE90-2BE3BDAE7AB4}.Release|Any CPU.ActiveCfg = Release|Any CPU
		{686107FE-F45A-483F-AE90-2BE3BDAE7AB4}.Release|Any CPU.Build.0 = Release|Any CPU
	EndGlobalSection
	GlobalSection(SolutionProperties) = preSolution
		HideSolutionNode = FALSE
	EndGlobalSection
	GlobalSection(ExtensibilityGlobals) = postSolution
		SolutionGuid = {A61F9608-FEDE-4C29-89E9-ED7C6C234DB9}
	EndGlobalSection
EndGlobal
